
Microsoft Visual Studio Solution File, Format Version 12.00
# Visual Studio Version 16
VisualStudioVersion = 16.0.31019.35
MinimumVisualStudioVersion = 10.0.40219.1
Project("{9A19103F-16F7-4668-BE54-9A1E7A4F7556}") = "BlazorApp", "BlazorApp\BlazorApp.csproj", "{8B44EF63-3016-4E8C-9CD4-024E44DAD609}"
EndProject
Project("{9A19103F-16F7-4668-BE54-9A1E7A4F7556}") = "BlazorApp.Api", "BlazorApp.Api\BlazorApp.Api.csproj", "{E0546318-9B41-4197-836F-816E50A0D292}"
EndProject
Project("{FAE04EC0-301F-11D3-BF4B-00C04F79EFBC}") = "BlazorApp.Models", "BlazorApp.Models\BlazorApp.Models.csproj", "{CCE4E04F-CBB2-4662-A5D8-36EF1A28244E}"
EndProject
Global
	GlobalSection(SolutionConfigurationPlatforms) = preSolution
		Debug|Any CPU = Debug|Any CPU
		Release|Any CPU = Release|Any CPU
	EndGlobalSection
	GlobalSection(ProjectConfigurationPlatforms) = postSolution
		{8B44EF63-3016-4E8C-9CD4-024E44DAD609}.Debug|Any CPU.ActiveCfg = Debug|Any CPU
		{8B44EF63-3016-4E8C-9CD4-024E44DAD609}.Debug|Any CPU.Build.0 = Debug|Any CPU
		{8B44EF63-3016-4E8C-9CD4-024E44DAD609}.Release|Any CPU.ActiveCfg = Release|Any CPU
		{8B44EF63-3016-4E8C-9CD4-024E44DAD609}.Release|Any CPU.Build.0 = Release|Any CPU
		{E0546318-9B41-4197-836F-816E50A0D292}.Debug|Any CPU.ActiveCfg = Debug|Any CPU
		{E0546318-9B41-4197-836F-816E50A0D292}.Debug|Any CPU.Build.0 = Debug|Any CPU
		{E0546318-9B41-4197-836F-816E50A0D292}.Release|Any CPU.ActiveCfg = Release|Any CPU
		{E0546318-9B41-4197-836F-816E50A0D292}.Release|Any CPU.Build.0 = Release|Any CPU
		{CCE4E04F-CBB2-4662-A5D8-36EF1A28244E}.Debug|Any CPU.ActiveCfg = Debug|Any CPU
		{CCE4E04F-CBB2-4662-A5D8-36EF1A28244E}.Debug|Any CPU.Build.0 = Debug|Any CPU
		{CCE4E04F-CBB2-4662-A5D8-36EF1A28244E}.Release|Any CPU.ActiveCfg = Release|Any CPU
		{CCE4E04F-CBB2-4662-A5D8-36EF1A28244E}.Release|Any CPU.Build.0 = Release|Any CPU
	EndGlobalSection
	GlobalSection(SolutionProperties) = preSolution
		HideSolutionNode = FALSE
	EndGlobalSection
	GlobalSection(ExtensibilityGlobals) = postSolution
		SolutionGuid = {CA29EA0D-D178-47A5-858B-D1E71F37C888}
	EndGlobalSection
EndGlobal
